
Microsoft Visual Studio Solution File, Format Version 12.00
# Visual Studio Version 17
VisualStudioVersion = 17.5.33516.290
MinimumVisualStudioVersion = 10.0.40219.1
Project("{FAE04EC0-301F-11D3-BF4B-00C04F79EFBC}") = "Bokbutiken_API", "Bokbutiken_API.csproj", "{929FEF77-E8FF-436A-84CB-0CC43435851E}"
EndProject
Global
	GlobalSection(SolutionConfigurationPlatforms) = preSolution
		Debug|Any CPU = Debug|Any CPU
		Release|Any CPU = Release|Any CPU
	EndGlobalSection
	GlobalSection(ProjectConfigurationPlatforms) = postSolution
		{929FEF77-E8FF-436A-84CB-0CC43435851E}.Debug|Any CPU.ActiveCfg = Debug|Any CPU
		{929FEF77-E8FF-436A-84CB-0CC43435851E}.Debug|Any CPU.Build.0 = Debug|Any CPU
		{929FEF77-E8FF-436A-84CB-0CC43435851E}.Release|Any CPU.ActiveCfg = Release|Any CPU
		{929FEF77-E8FF-436A-84CB-0CC43435851E}.Release|Any CPU.Build.0 = Release|Any CPU
	EndGlobalSection
	GlobalSection(SolutionProperties) = preSolution
		HideSolutionNode = FALSE
	EndGlobalSection
	GlobalSection(ExtensibilityGlobals) = postSolution
		SolutionGuid = {F60ACB5A-10BD-4C2F-A977-3C6C09DE69A7}
	EndGlobalSection
EndGlobal
